
Microsoft Visual Studio Solution File, Format Version 12.00
# Visual Studio Version 17
VisualStudioVersion = 17.4.33213.308
MinimumVisualStudioVersion = 10.0.40219.1
Project("{9A19103F-16F7-4668-BE54-9A1E7A4F7556}") = "All-in-One", "All-in-One\All-in-One.csproj", "{B3CF9D0F-402C-4A2C-8A69-97AC279B74E2}"
EndProject
Global
	GlobalSection(SolutionConfigurationPlatforms) = preSolution
		Debug|Any CPU = Debug|Any CPU
		DKP_Requirement|Any CPU = DKP_Requirement|Any CPU
		Release|Any CPU = Release|Any CPU
	EndGlobalSection
	GlobalSection(ProjectConfigurationPlatforms) = postSolution
		{B3CF9D0F-402C-4A2C-8A69-97AC279B74E2}.Debug|Any CPU.ActiveCfg = Debug|Any CPU
		{B3CF9D0F-402C-4A2C-8A69-97AC279B74E2}.Debug|Any CPU.Build.0 = Debug|Any CPU
		{B3CF9D0F-402C-4A2C-8A69-97AC279B74E2}.DKP_Requirement|Any CPU.ActiveCfg = DKP_Requirement|Any CPU
		{B3CF9D0F-402C-4A2C-8A69-97AC279B74E2}.DKP_Requirement|Any CPU.Build.0 = DKP_Requirement|Any CPU
		{B3CF9D0F-402C-4A2C-8A69-97AC279B74E2}.Release|Any CPU.ActiveCfg = Release|Any CPU
		{B3CF9D0F-402C-4A2C-8A69-97AC279B74E2}.Release|Any CPU.Build.0 = Release|Any CPU
	EndGlobalSection
	GlobalSection(SolutionProperties) = preSolution
		HideSolutionNode = FALSE
	EndGlobalSection
	GlobalSection(ExtensibilityGlobals) = postSolution
		SolutionGuid = {7929B938-2410-4382-B9B4-CBF448909B1C}
	EndGlobalSection
EndGlobal
